// !$*UTF8*$!
{
	archiveVersion = 1;
	classes = {
	};
	objectVersion = 55;
	objects = {

/* Begin PBXBuildFile section */
		570E7F02291948F4009F418C /* Realm in Frameworks */ = {isa = PBXBuildFile; productRef = 570E7F01291948F4009F418C /* Realm */; };
		570E7F04291948F4009F418C /* RealmSwift in Frameworks */ = {isa = PBXBuildFile; productRef = 570E7F03291948F4009F418C /* RealmSwift */; };
		570E7F0829195124009F418C /* myBalance.swift in Sources */ = {isa = PBXBuildFile; fileRef = 570E7F0729195124009F418C /* myBalance.swift */; };
		570E7F0A2919512E009F418C /* CurrencyExchang.swift in Sources */ = {isa = PBXBuildFile; fileRef = 570E7F092919512E009F418C /* CurrencyExchang.swift */; };
		570E7F0C29195133009F418C /* ButtonView.swift in Sources */ = {isa = PBXBuildFile; fileRef = 570E7F0B29195133009F418C /* ButtonView.swift */; };
		570E7F0E29195139009F418C /* Header.swift in Sources */ = {isa = PBXBuildFile; fileRef = 570E7F0D29195139009F418C /* Header.swift */; };
		570E7F102919513D009F418C /* Transactions.swift in Sources */ = {isa = PBXBuildFile; fileRef = 570E7F0F2919513D009F418C /* Transactions.swift */; };
		570E7F1229195192009F418C /* ExtansionViewModel.swift in Sources */ = {isa = PBXBuildFile; fileRef = 570E7F1129195192009F418C /* ExtansionViewModel.swift */; };
		570E7F142919519C009F418C /* RealmModels.swift in Sources */ = {isa = PBXBuildFile; fileRef = 570E7F132919519C009F418C /* RealmModels.swift */; };
		570E7F16291951CC009F418C /* ErrorEnum.swift in Sources */ = {isa = PBXBuildFile; fileRef = 570E7F15291951CC009F418C /* ErrorEnum.swift */; };
		570E7F19291951D6009F418C /* Extension.swift in Sources */ = {isa = PBXBuildFile; fileRef = 570E7F18291951D6009F418C /* Extension.swift */; };
		5751427F2911DE8B0007E5FE /* Home.swift in Sources */ = {isa = PBXBuildFile; fileRef = 5751427E2911DE8B0007E5FE /* Home.swift */; };
		57514319291561160007E5FE /* CurrencyDataModel.swift in Sources */ = {isa = PBXBuildFile; fileRef = 57514318291561160007E5FE /* CurrencyDataModel.swift */; };
		5751431B291561A30007E5FE /* AllCurrencies .swift in Sources */ = {isa = PBXBuildFile; fileRef = 5751431A291561A30007E5FE /* AllCurrencies .swift */; };
		5751431E291562B10007E5FE /* ApiType.swift in Sources */ = {isa = PBXBuildFile; fileRef = 5751431D291562B10007E5FE /* ApiType.swift */; };
		5778EC7029100B070003C663 /* CurrencyExchangerApp.swift in Sources */ = {isa = PBXBuildFile; fileRef = 5778EC6F29100B070003C663 /* CurrencyExchangerApp.swift */; };
		5778EC7229100B070003C663 /* ContentView.swift in Sources */ = {isa = PBXBuildFile; fileRef = 5778EC7129100B070003C663 /* ContentView.swift */; };
		5778EC7429100B080003C663 /* Assets.xcassets in Resources */ = {isa = PBXBuildFile; fileRef = 5778EC7329100B080003C663 /* Assets.xcassets */; };
		5778EC7729100B080003C663 /* Preview Assets.xcassets in Resources */ = {isa = PBXBuildFile; fileRef = 5778EC7629100B080003C663 /* Preview Assets.xcassets */; };
		57CF359829165A500016F6EE /* ApiServices.swift in Sources */ = {isa = PBXBuildFile; fileRef = 57CF359729165A500016F6EE /* ApiServices.swift */; };
		57CF35A02917C83B0016F6EE /* ViewModelCurrency.swift in Sources */ = {isa = PBXBuildFile; fileRef = 57CF359F2917C83B0016F6EE /* ViewModelCurrency.swift */; };
/* End PBXBuildFile section */

/* Begin PBXFileReference section */
		570E7F0729195124009F418C /* myBalance.swift */ = {isa = PBXFileReference; fileEncoding = 4; lastKnownFileType = sourcecode.swift; path = myBalance.swift; sourceTree = "<group>"; };
		570E7F092919512E009F418C /* CurrencyExchang.swift */ = {isa = PBXFileReference; fileEncoding = 4; lastKnownFileType = sourcecode.swift; path = CurrencyExchang.swift; sourceTree = "<group>"; };
		570E7F0B29195133009F418C /* ButtonView.swift */ = {isa = PBXFileReference; fileEncoding = 4; lastKnownFileType = sourcecode.swift; path = ButtonView.swift; sourceTree = "<group>"; };
		570E7F0D29195139009F418C /* Header.swift */ = {isa = PBXFileReference; fileEncoding = 4; lastKnownFileType = sourcecode.swift; path = Header.swift; sourceTree = "<group>"; };
		570E7F0F2919513D009F418C /* Transactions.swift */ = {isa = PBXFileReference; fileEncoding = 4; lastKnownFileType = sourcecode.swift; path = Transactions.swift; sourceTree = "<group>"; };
		570E7F1129195192009F418C /* ExtansionViewModel.swift */ = {isa = PBXFileReference; fileEncoding = 4; lastKnownFileType = sourcecode.swift; path = ExtansionViewModel.swift; sourceTree = "<group>"; };
		570E7F132919519C009F418C /* RealmModels.swift */ = {isa = PBXFileReference; fileEncoding = 4; lastKnownFileType = sourcecode.swift; path = RealmModels.swift; sourceTree = "<group>"; };
		570E7F15291951CC009F418C /* ErrorEnum.swift */ = {isa = PBXFileReference; fileEncoding = 4; lastKnownFileType = sourcecode.swift; path = ErrorEnum.swift; sourceTree = "<group>"; };
		570E7F18291951D6009F418C /* Extension.swift */ = {isa = PBXFileReference; fileEncoding = 4; lastKnownFileType = sourcecode.swift; path = Extension.swift; sourceTree = "<group>"; };
		5751427E2911DE8B0007E5FE /* Home.swift */ = {isa = PBXFileReference; lastKnownFileType = sourcecode.swift; path = Home.swift; sourceTree = "<group>"; };
		57514318291561160007E5FE /* CurrencyDataModel.swift */ = {isa = PBXFileReference; lastKnownFileType = sourcecode.swift; path = CurrencyDataModel.swift; sourceTree = "<group>"; };
		5751431A291561A30007E5FE /* AllCurrencies .swift */ = {isa = PBXFileReference; lastKnownFileType = sourcecode.swift; path = "AllCurrencies .swift"; sourceTree = "<group>"; };
		5751431D291562B10007E5FE /* ApiType.swift */ = {isa = PBXFileReference; lastKnownFileType = sourcecode.swift; path = ApiType.swift; sourceTree = "<group>"; };
		5778EC6C29100B070003C663 /* CurrencyExchanger.app */ = {isa = PBXFileReference; explicitFileType = wrapper.application; includeInIndex = 0; path = CurrencyExchanger.app; sourceTree = BUILT_PRODUCTS_DIR; };
		5778EC6F29100B070003C663 /* CurrencyExchangerApp.swift */ = {isa = PBXFileReference; lastKnownFileType = sourcecode.swift; path = CurrencyExchangerApp.swift; sourceTree = "<group>"; };
		5778EC7129100B070003C663 /* ContentView.swift */ = {isa = PBXFileReference; lastKnownFileType = sourcecode.swift; path = ContentView.swift; sourceTree = "<group>"; };
		5778EC7329100B080003C663 /* Assets.xcassets */ = {isa = PBXFileReference; lastKnownFileType = folder.assetcatalog; path = Assets.xcassets; sourceTree = "<group>"; };
		5778EC7629100B080003C663 /* Preview Assets.xcassets */ = {isa = PBXFileReference; lastKnownFileType = folder.assetcatalog; path = "Preview Assets.xcassets"; sourceTree = "<group>"; };
		57CF359729165A500016F6EE /* ApiServices.swift */ = {isa = PBXFileReference; lastKnownFileType = sourcecode.swift; path = ApiServices.swift; sourceTree = "<group>"; };
		57CF359F2917C83B0016F6EE /* ViewModelCurrency.swift */ = {isa = PBXFileReference; lastKnownFileType = sourcecode.swift; path = ViewModelCurrency.swift; sourceTree = "<group>"; };
/* End PBXFileReference section */

/* Begin PBXFrameworksBuildPhase section */
		5778EC6929100B070003C663 /* Frameworks */ = {
			isa = PBXFrameworksBuildPhase;
			buildActionMask = 2147483647;
			files = (
				570E7F04291948F4009F418C /* RealmSwift in Frameworks */,
				570E7F02291948F4009F418C /* Realm in Frameworks */,
			);
			runOnlyForDeploymentPostprocessing = 0;
		};
/* End PBXFrameworksBuildPhase section */

/* Begin PBXGroup section */
		570E7F17291951D6009F418C /* Extension */ = {
			isa = PBXGroup;
			children = (
				570E7F18291951D6009F418C /* Extension.swift */,
			);
			path = Extension;
			sourceTree = "<group>";
		};
		5751427B2911DE400007E5FE /* ViewModel */ = {
			isa = PBXGroup;
			children = (
				57CF359F2917C83B0016F6EE /* ViewModelCurrency.swift */,
				570E7F1129195192009F418C /* ExtansionViewModel.swift */,
			);
			path = ViewModel;
			sourceTree = "<group>";
		};
		5751427C2911DE4E0007E5FE /* Model */ = {
			isa = PBXGroup;
			children = (
				57514318291561160007E5FE /* CurrencyDataModel.swift */,
				5751431A291561A30007E5FE /* AllCurrencies .swift */,
				570E7F132919519C009F418C /* RealmModels.swift */,
			);
			path = Model;
			sourceTree = "<group>";
		};
		5751427D2911DE620007E5FE /* View */ = {
			isa = PBXGroup;
			children = (
				5751427E2911DE8B0007E5FE /* Home.swift */,
				570E7F0D29195139009F418C /* Header.swift */,
				570E7F0729195124009F418C /* myBalance.swift */,
				570E7F092919512E009F418C /* CurrencyExchang.swift */,
				570E7F0B29195133009F418C /* ButtonView.swift */,
				570E7F0F2919513D009F418C /* Transactions.swift */,
			);
			path = View;
			sourceTree = "<group>";
		};
		5751431C291562460007E5FE /* Services */ = {
			isa = PBXGroup;
			children = (
				5751431D291562B10007E5FE /* ApiType.swift */,
				57CF359729165A500016F6EE /* ApiServices.swift */,
				570E7F15291951CC009F418C /* ErrorEnum.swift */,
			);
			path = Services;
			sourceTree = "<group>";
		};
		5778EC6329100B060003C663 = {
			isa = PBXGroup;
			children = (
				5778EC6E29100B070003C663 /* CurrencyExchanger */,
				5778EC6D29100B070003C663 /* Products */,
			);
			sourceTree = "<group>";
		};
		5778EC6D29100B070003C663 /* Products */ = {
			isa = PBXGroup;
			children = (
				5778EC6C29100B070003C663 /* CurrencyExchanger.app */,
			);
			name = Products;
			sourceTree = "<group>";
		};
		5778EC6E29100B070003C663 /* CurrencyExchanger */ = {
			isa = PBXGroup;
			children = (
				570E7F17291951D6009F418C /* Extension */,
				5751431C291562460007E5FE /* Services */,
				5751427C2911DE4E0007E5FE /* Model */,
				5751427B2911DE400007E5FE /* ViewModel */,
				5751427D2911DE620007E5FE /* View */,
				5778EC6F29100B070003C663 /* CurrencyExchangerApp.swift */,
				5778EC7129100B070003C663 /* ContentView.swift */,
				5778EC7329100B080003C663 /* Assets.xcassets */,
				5778EC7529100B080003C663 /* Preview Content */,
			);
			path = CurrencyExchanger;
			sourceTree = "<group>";
		};
		5778EC7529100B080003C663 /* Preview Content */ = {
			isa = PBXGroup;
			children = (
				5778EC7629100B080003C663 /* Preview Assets.xcassets */,
			);
			path = "Preview Content";
			sourceTree = "<group>";
		};
/* End PBXGroup section */

/* Begin PBXNativeTarget section */
		5778EC6B29100B070003C663 /* CurrencyExchanger */ = {
			isa = PBXNativeTarget;
			buildConfigurationList = 5778EC7A29100B080003C663 /* Build configuration list for PBXNativeTarget "CurrencyExchanger" */;
			buildPhases = (
				5778EC6829100B070003C663 /* Sources */,
				5778EC6929100B070003C663 /* Frameworks */,
				5778EC6A29100B070003C663 /* Resources */,
			);
			buildRules = (
			);
			dependencies = (
			);
			name = CurrencyExchanger;
			packageProductDependencies = (
				570E7F01291948F4009F418C /* Realm */,
				570E7F03291948F4009F418C /* RealmSwift */,
			);
			productName = CurrencyExchanger;
			productReference = 5778EC6C29100B070003C663 /* CurrencyExchanger.app */;
			productType = "com.apple.product-type.application";
		};
/* End PBXNativeTarget section */

/* Begin PBXProject section */
		5778EC6429100B060003C663 /* Project object */ = {
			isa = PBXProject;
			attributes = {
				BuildIndependentTargetsInParallel = 1;
				LastSwiftUpdateCheck = 1320;
				LastUpgradeCheck = 1320;
				TargetAttributes = {
					5778EC6B29100B070003C663 = {
						CreatedOnToolsVersion = 13.2.1;
					};
				};
			};
			buildConfigurationList = 5778EC6729100B060003C663 /* Build configuration list for PBXProject "CurrencyExchanger" */;
			compatibilityVersion = "Xcode 13.0";
			developmentRegion = en;
			hasScannedForEncodings = 0;
			knownRegions = (
				en,
				Base,
			);
			mainGroup = 5778EC6329100B060003C663;
			packageReferences = (
				570E7F00291948F3009F418C /* XCRemoteSwiftPackageReference "realm-swift" */,
			);
			productRefGroup = 5778EC6D29100B070003C663 /* Products */;
			projectDirPath = "";
			projectRoot = "";
			targets = (
				5778EC6B29100B070003C663 /* CurrencyExchanger */,
			);
		};
/* End PBXProject section */

/* Begin PBXResourcesBuildPhase section */
		5778EC6A29100B070003C663 /* Resources */ = {
			isa = PBXResourcesBuildPhase;
			buildActionMask = 2147483647;
			files = (
				5778EC7729100B080003C663 /* Preview Assets.xcassets in Resources */,
				5778EC7429100B080003C663 /* Assets.xcassets in Resources */,
			);
			runOnlyForDeploymentPostprocessing = 0;
		};
/* End PBXResourcesBuildPhase section */

/* Begin PBXSourcesBuildPhase section */
		5778EC6829100B070003C663 /* Sources */ = {
			isa = PBXSourcesBuildPhase;
			buildActionMask = 2147483647;
			files = (
				570E7F0829195124009F418C /* myBalance.swift in Sources */,
				570E7F102919513D009F418C /* Transactions.swift in Sources */,
				570E7F0A2919512E009F418C /* CurrencyExchang.swift in Sources */,
				5751431E291562B10007E5FE /* ApiType.swift in Sources */,
				57CF35A02917C83B0016F6EE /* ViewModelCurrency.swift in Sources */,
				570E7F0E29195139009F418C /* Header.swift in Sources */,
				57CF359829165A500016F6EE /* ApiServices.swift in Sources */,
				5778EC7229100B070003C663 /* ContentView.swift in Sources */,
				570E7F0C29195133009F418C /* ButtonView.swift in Sources */,
				570E7F16291951CC009F418C /* ErrorEnum.swift in Sources */,
				570E7F19291951D6009F418C /* Extension.swift in Sources */,
				570E7F142919519C009F418C /* RealmModels.swift in Sources */,
				5751427F2911DE8B0007E5FE /* Home.swift in Sources */,
				57514319291561160007E5FE /* CurrencyDataModel.swift in Sources */,
				5778EC7029100B070003C663 /* CurrencyExchangerApp.swift in Sources */,
				570E7F1229195192009F418C /* ExtansionViewModel.swift in Sources */,
				5751431B291561A30007E5FE /* AllCurrencies .swift in Sources */,
			);
			runOnlyForDeploymentPostprocessing = 0;
		};
/* End PBXSourcesBuildPhase section */

/* Begin XCBuildConfiguration section */
		5778EC7829100B080003C663 /* Debug */ = {
			isa = XCBuildConfiguration;
			buildSettings = {
				ALWAYS_SEARCH_USER_PATHS = NO;
				CLANG_ANALYZER_NONNULL = YES;
				CLANG_ANALYZER_NUMBER_OBJECT_CONVERSION = YES_AGGRESSIVE;
				CLANG_CXX_LANGUAGE_STANDARD = "gnu++17";
				CLANG_CXX_LIBRARY = "libc++";
				CLANG_ENABLE_MODULES = YES;
				CLANG_ENABLE_OBJC_ARC = YES;
				CLANG_ENABLE_OBJC_WEAK = YES;
				CLANG_WARN_BLOCK_CAPTURE_AUTORELEASING = YES;
				CLANG_WARN_BOOL_CONVERSION = YES;
				CLANG_WARN_COMMA = YES;
				CLANG_WARN_CONSTANT_CONVERSION = YES;
				CLANG_WARN_DEPRECATED_OBJC_IMPLEMENTATIONS = YES;
				CLANG_WARN_DIRECT_OBJC_ISA_USAGE = YES_ERROR;
				CLANG_WARN_DOCUMENTATION_COMMENTS = YES;
				CLANG_WARN_EMPTY_BODY = YES;
				CLANG_WARN_ENUM_CONVERSION = YES;
				CLANG_WARN_INFINITE_RECURSION = YES;
				CLANG_WARN_INT_CONVERSION = YES;
				CLANG_WARN_NON_LITERAL_NULL_CONVERSION = YES;
				CLANG_WARN_OBJC_IMPLICIT_RETAIN_SELF = YES;
				CLANG_WARN_OBJC_LITERAL_CONVERSION = YES;
				CLANG_WARN_OBJC_ROOT_CLASS = YES_ERROR;
				CLANG_WARN_QUOTED_INCLUDE_IN_FRAMEWORK_HEADER = YES;
				CLANG_WARN_RANGE_LOOP_ANALYSIS = YES;
				CLANG_WARN_STRICT_PROTOTYPES = YES;
				CLANG_WARN_SUSPICIOUS_MOVE = YES;
				CLANG_WARN_UNGUARDED_AVAILABILITY = YES_AGGRESSIVE;
				CLANG_WARN_UNREACHABLE_CODE = YES;
				CLANG_WARN__DUPLICATE_METHOD_MATCH = YES;
				COPY_PHASE_STRIP = NO;
				DEBUG_INFORMATION_FORMAT = dwarf;
				ENABLE_STRICT_OBJC_MSGSEND = YES;
				ENABLE_TESTABILITY = YES;
				GCC_C_LANGUAGE_STANDARD = gnu11;
				GCC_DYNAMIC_NO_PIC = NO;
				GCC_NO_COMMON_BLOCKS = YES;
				GCC_OPTIMIZATION_LEVEL = 0;
				GCC_PREPROCESSOR_DEFINITIONS = (
					"DEBUG=1",
					"$(inherited)",
				);
				GCC_WARN_64_TO_32_BIT_CONVERSION = YES;
				GCC_WARN_ABOUT_RETURN_TYPE = YES_ERROR;
				GCC_WARN_UNDECLARED_SELECTOR = YES;
				GCC_WARN_UNINITIALIZED_AUTOS = YES_AGGRESSIVE;
				GCC_WARN_UNUSED_FUNCTION = YES;
				GCC_WARN_UNUSED_VARIABLE = YES;
				IPHONEOS_DEPLOYMENT_TARGET = 15.2;
				MTL_ENABLE_DEBUG_INFO = INCLUDE_SOURCE;
				MTL_FAST_MATH = YES;
				ONLY_ACTIVE_ARCH = YES;
				SDKROOT = iphoneos;
				SWIFT_ACTIVE_COMPILATION_CONDITIONS = DEBUG;
				SWIFT_OPTIMIZATION_LEVEL = "-Onone";
			};
			name = Debug;
		};
		5778EC7929100B080003C663 /* Release */ = {
			isa = XCBuildConfiguration;
			buildSettings = {
				ALWAYS_SEARCH_USER_PATHS = NO;
				CLANG_ANALYZER_NONNULL = YES;
				CLANG_ANALYZER_NUMBER_OBJECT_CONVERSION = YES_AGGRESSIVE;
				CLANG_CXX_LANGUAGE_STANDARD = "gnu++17";
				CLANG_CXX_LIBRARY = "libc++";
				CLANG_ENABLE_MODULES = YES;
				CLANG_ENABLE_OBJC_ARC = YES;
				CLANG_ENABLE_OBJC_WEAK = YES;
				CLANG_WARN_BLOCK_CAPTURE_AUTORELEASING = YES;
				CLANG_WARN_BOOL_CONVERSION = YES;
				CLANG_WARN_COMMA = YES;
				CLANG_WARN_CONSTANT_CONVERSION = YES;
				CLANG_WARN_DEPRECATED_OBJC_IMPLEMENTATIONS = YES;
				CLANG_WARN_DIRECT_OBJC_ISA_USAGE = YES_ERROR;
				CLANG_WARN_DOCUMENTATION_COMMENTS = YES;
				CLANG_WARN_EMPTY_BODY = YES;
				CLANG_WARN_ENUM_CONVERSION = YES;
				CLANG_WARN_INFINITE_RECURSION = YES;
				CLANG_WARN_INT_CONVERSION = YES;
				CLANG_WARN_NON_LITERAL_NULL_CONVERSION = YES;
				CLANG_WARN_OBJC_IMPLICIT_RETAIN_SELF = YES;
				CLANG_WARN_OBJC_LITERAL_CONVERSION = YES;
				CLANG_WARN_OBJC_ROOT_CLASS = YES_ERROR;
				CLANG_WARN_QUOTED_INCLUDE_IN_FRAMEWORK_HEADER = YES;
				CLANG_WARN_RANGE_LOOP_ANALYSIS = YES;
				CLANG_WARN_STRICT_PROTOTYPES = YES;
				CLANG_WARN_SUSPICIOUS_MOVE = YES;
				CLANG_WARN_UNGUARDED_AVAILABILITY = YES_AGGRESSIVE;
				CLANG_WARN_UNREACHABLE_CODE = YES;
				CLANG_WARN__DUPLICATE_METHOD_MATCH = YES;
				COPY_PHASE_STRIP = NO;
				DEBUG_INFORMATION_FORMAT = "dwarf-with-dsym";
				ENABLE_NS_ASSERTIONS = NO;
				ENABLE_STRICT_OBJC_MSGSEND = YES;
				GCC_C_LANGUAGE_STANDARD = gnu11;
				GCC_NO_COMMON_BLOCKS = YES;
				GCC_WARN_64_TO_32_BIT_CONVERSION = YES;
				GCC_WARN_ABOUT_RETURN_TYPE = YES_ERROR;
				GCC_WARN_UNDECLARED_SELECTOR = YES;
				GCC_WARN_UNINITIALIZED_AUTOS = YES_AGGRESSIVE;
				GCC_WARN_UNUSED_FUNCTION = YES;
				GCC_WARN_UNUSED_VARIABLE = YES;
				IPHONEOS_DEPLOYMENT_TARGET = 15.2;
				MTL_ENABLE_DEBUG_INFO = NO;
				MTL_FAST_MATH = YES;
				SDKROOT = iphoneos;
				SWIFT_COMPILATION_MODE = wholemodule;
				SWIFT_OPTIMIZATION_LEVEL = "-O";
				VALIDATE_PRODUCT = YES;
			};
			name = Release;
		};
		5778EC7B29100B080003C663 /* Debug */ = {
			isa = XCBuildConfiguration;
			buildSettings = {
				ASSETCATALOG_COMPILER_APPICON_NAME = AppIcon;
				ASSETCATALOG_COMPILER_GLOBAL_ACCENT_COLOR_NAME = AccentColor;
				CODE_SIGN_STYLE = Automatic;
				CURRENT_PROJECT_VERSION = 1;
				DEVELOPMENT_ASSET_PATHS = "\"CurrencyExchanger/Preview Content\"";
				DEVELOPMENT_TEAM = Y84VY2K8YG;
				ENABLE_PREVIEWS = YES;
				GENERATE_INFOPLIST_FILE = YES;
				INFOPLIST_KEY_UIApplicationSceneManifest_Generation = YES;
				INFOPLIST_KEY_UIApplicationSupportsIndirectInputEvents = YES;
				INFOPLIST_KEY_UILaunchScreen_Generation = YES;
				INFOPLIST_KEY_UISupportedInterfaceOrientations_iPad = "UIInterfaceOrientationPortrait UIInterfaceOrientationPortraitUpsideDown UIInterfaceOrientationLandscapeLeft UIInterfaceOrientationLandscapeRight";
				INFOPLIST_KEY_UISupportedInterfaceOrientations_iPhone = "UIInterfaceOrientationPortrait UIInterfaceOrientationLandscapeLeft UIInterfaceOrientationLandscapeRight";
				LD_RUNPATH_SEARCH_PATHS = (
					"$(inherited)",
					"@executable_path/Frameworks",
				);
				MARKETING_VERSION = 1.0;
				PRODUCT_BUNDLE_IDENTIFIER = com.razeware.CurrencyExchanger;
				PRODUCT_NAME = "$(TARGET_NAME)";
				SWIFT_EMIT_LOC_STRINGS = YES;
				SWIFT_VERSION = 5.0;
				TARGETED_DEVICE_FAMILY = "1,2";
			};
			name = Debug;
		};
		5778EC7C29100B080003C663 /* Release */ = {
			isa = XCBuildConfiguration;
			buildSettings = {
				ASSETCATALOG_COMPILER_APPICON_NAME = AppIcon;
				ASSETCATALOG_COMPILER_GLOBAL_ACCENT_COLOR_NAME = AccentColor;
				CODE_SIGN_STYLE = Automatic;
				CURRENT_PROJECT_VERSION = 1;
				DEVELOPMENT_ASSET_PATHS = "\"CurrencyExchanger/Preview Content\"";
				DEVELOPMENT_TEAM = Y84VY2K8YG;
				ENABLE_PREVIEWS = YES;
				GENERATE_INFOPLIST_FILE = YES;
				INFOPLIST_KEY_UIApplicationSceneManifest_Generation = YES;
				INFOPLIST_KEY_UIApplicationSupportsIndirectInputEvents = YES;
				INFOPLIST_KEY_UILaunchScreen_Generation = YES;
				INFOPLIST_KEY_UISupportedInterfaceOrientations_iPad = "UIInterfaceOrientationPortrait UIInterfaceOrientationPortraitUpsideDown UIInterfaceOrientationLandscapeLeft UIInterfaceOrientationLandscapeRight";
				INFOPLIST_KEY_UISupportedInterfaceOrientations_iPhone = "UIInterfaceOrientationPortrait UIInterfaceOrientationLandscapeLeft UIInterfaceOrientationLandscapeRight";
				LD_RUNPATH_SEARCH_PATHS = (
					"$(inherited)",
					"@executable_path/Frameworks",
				);
				MARKETING_VERSION = 1.0;
				PRODUCT_BUNDLE_IDENTIFIER = com.razeware.CurrencyExchanger;
				PRODUCT_NAME = "$(TARGET_NAME)";
				SWIFT_EMIT_LOC_STRINGS = YES;
				SWIFT_VERSION = 5.0;
				TARGETED_DEVICE_FAMILY = "1,2";
			};
			name = Release;
		};
/* End XCBuildConfiguration section */

/* Begin XCConfigurationList section */
		5778EC6729100B060003C663 /* Build configuration list for PBXProject "CurrencyExchanger" */ = {
			isa = XCConfigurationList;
			buildConfigurations = (
				5778EC7829100B080003C663 /* Debug */,
				5778EC7929100B080003C663 /* Release */,
			);
			defaultConfigurationIsVisible = 0;
			defaultConfigurationName = Release;
		};
		5778EC7A29100B080003C663 /* Build configuration list for PBXNativeTarget "CurrencyExchanger" */ = {
			isa = XCConfigurationList;
			buildConfigurations = (
				5778EC7B29100B080003C663 /* Debug */,
				5778EC7C29100B080003C663 /* Release */,
			);
			defaultConfigurationIsVisible = 0;
			defaultConfigurationName = Release;
		};
/* End XCConfigurationList section */

/* Begin XCRemoteSwiftPackageReference section */
		570E7F00291948F3009F418C /* XCRemoteSwiftPackageReference "realm-swift" */ = {
			isa = XCRemoteSwiftPackageReference;
			repositoryURL = "https://github.com/realm/realm-swift.git";
			requirement = {
				branch = master;
				kind = branch;
			};
		};
/* End XCRemoteSwiftPackageReference section */

/* Begin XCSwiftPackageProductDependency section */
		570E7F01291948F4009F418C /* Realm */ = {
			isa = XCSwiftPackageProductDependency;
			package = 570E7F00291948F3009F418C /* XCRemoteSwiftPackageReference "realm-swift" */;
			productName = Realm;
		};
		570E7F03291948F4009F418C /* RealmSwift */ = {
			isa = XCSwiftPackageProductDependency;
			package = 570E7F00291948F3009F418C /* XCRemoteSwiftPackageReference "realm-swift" */;
			productName = RealmSwift;
		};
/* End XCSwiftPackageProductDependency section */
	};
	rootObject = 5778EC6429100B060003C663 /* Project object */;
}
